// !$*UTF8*$!
{
	archiveVersion = 1;
	classes = {
	};
	objectVersion = 50;
	objects = {

/* Begin PBXBuildFile section */
		3FE12AF31275DB89A1885F1F /* libPods-w1th3r.a in Frameworks */ = {isa = PBXBuildFile; fileRef = DAAA1BB60BC5A9D4484B1D97 /* libPods-w1th3r.a */; };
		821335EC2401480500D85845 /* AppDelegate.m in Sources */ = {isa = PBXBuildFile; fileRef = 821335EB2401480500D85845 /* AppDelegate.m */; };
		821335F22401480500D85845 /* ViewController.m in Sources */ = {isa = PBXBuildFile; fileRef = 821335F12401480500D85845 /* ViewController.m */; };
		821335F52401480500D85845 /* Main.storyboard in Resources */ = {isa = PBXBuildFile; fileRef = 821335F32401480500D85845 /* Main.storyboard */; };
		821335F72401480600D85845 /* Assets.xcassets in Resources */ = {isa = PBXBuildFile; fileRef = 821335F62401480600D85845 /* Assets.xcassets */; };
		821335FA2401480600D85845 /* LaunchScreen.storyboard in Resources */ = {isa = PBXBuildFile; fileRef = 821335F82401480600D85845 /* LaunchScreen.storyboard */; };
		821335FD2401480600D85845 /* main.m in Sources */ = {isa = PBXBuildFile; fileRef = 821335FC2401480600D85845 /* main.m */; };
		821336072401480600D85845 /* time_wasteTests.m in Sources */ = {isa = PBXBuildFile; fileRef = 821336062401480600D85845 /* time_wasteTests.m */; };
		821336122401480600D85845 /* time_wasteUITests.m in Sources */ = {isa = PBXBuildFile; fileRef = 821336112401480600D85845 /* time_wasteUITests.m */; };
		821336282401487D00D85845 /* kernel_memory.c in Sources */ = {isa = PBXBuildFile; fileRef = 8213361F2401487C00D85845 /* kernel_memory.c */; };
		821336292401487D00D85845 /* exploit_utilities.c in Sources */ = {isa = PBXBuildFile; fileRef = 821336202401487C00D85845 /* exploit_utilities.c */; };
		8213362A2401487D00D85845 /* IOAccelerator_stuff.c in Sources */ = {isa = PBXBuildFile; fileRef = 821336212401487C00D85845 /* IOAccelerator_stuff.c */; };
		8213362B2401487D00D85845 /* offsets.m in Sources */ = {isa = PBXBuildFile; fileRef = 821336272401487C00D85845 /* offsets.m */; };
		8213362D2401488D00D85845 /* exploit.c in Sources */ = {isa = PBXBuildFile; fileRef = 8213362C2401488D00D85845 /* exploit.c */; };
		82133633240149DD00D85845 /* IOSurface_stuff.c in Sources */ = {isa = PBXBuildFile; fileRef = 82133632240149DD00D85845 /* IOSurface_stuff.c */; };
		C823F9D0245A1A81009D86B3 /* CoreGraphics.framework in Frameworks */ = {isa = PBXBuildFile; fileRef = C823F9CF245A1A81009D86B3 /* CoreGraphics.framework */; };
		C823F9D2245A1A8A009D86B3 /* Foundation.framework in Frameworks */ = {isa = PBXBuildFile; fileRef = C823F9D1245A1A8A009D86B3 /* Foundation.framework */; };
		C823F9D4245A1B16009D86B3 /* UIKit.framework in Frameworks */ = {isa = PBXBuildFile; fileRef = C823F9D3245A1B16009D86B3 /* UIKit.framework */; };
		C823F9D8245A1C97009D86B3 /* IOKit.tbd in Frameworks */ = {isa = PBXBuildFile; fileRef = 8213362F240148C700D85845 /* IOKit.tbd */; };
		C8679CB1245B645D00215EFF /* UITextViewLogger.m in Sources */ = {isa = PBXBuildFile; fileRef = C8679CB0245B645D00215EFF /* UITextViewLogger.m */; settings = {COMPILER_FLAGS = "-fobjc-arc"; }; };
/* End PBXBuildFile section */

/* Begin PBXContainerItemProxy section */
		821336032401480600D85845 /* PBXContainerItemProxy */ = {
			isa = PBXContainerItemProxy;
			containerPortal = 821335DF2401480400D85845 /* Project object */;
			proxyType = 1;
			remoteGlobalIDString = 821335E62401480500D85845;
			remoteInfo = time_waste;
		};
		8213360E2401480600D85845 /* PBXContainerItemProxy */ = {
			isa = PBXContainerItemProxy;
			containerPortal = 821335DF2401480400D85845 /* Project object */;
			proxyType = 1;
			remoteGlobalIDString = 821335E62401480500D85845;
			remoteInfo = time_waste;
		};
/* End PBXContainerItemProxy section */

/* Begin PBXFileReference section */
		34841FCCF59A8FFDA5B56D5B /* Pods-w1th3r.release.xcconfig */ = {isa = PBXFileReference; includeInIndex = 1; lastKnownFileType = text.xcconfig; name = "Pods-w1th3r.release.xcconfig"; path = "Target Support Files/Pods-w1th3r/Pods-w1th3r.release.xcconfig"; sourceTree = "<group>"; };
		7D61F779D1EB1EA88D9924BA /* Pods-w1th3r.debug.xcconfig */ = {isa = PBXFileReference; includeInIndex = 1; lastKnownFileType = text.xcconfig; name = "Pods-w1th3r.debug.xcconfig"; path = "Target Support Files/Pods-w1th3r/Pods-w1th3r.debug.xcconfig"; sourceTree = "<group>"; };
		821335E72401480500D85845 /* w1th3r.app */ = {isa = PBXFileReference; explicitFileType = wrapper.application; includeInIndex = 0; path = w1th3r.app; sourceTree = BUILT_PRODUCTS_DIR; };
		821335EA2401480500D85845 /* AppDelegate.h */ = {isa = PBXFileReference; lastKnownFileType = sourcecode.c.h; path = AppDelegate.h; sourceTree = "<group>"; };
		821335EB2401480500D85845 /* AppDelegate.m */ = {isa = PBXFileReference; lastKnownFileType = sourcecode.c.objc; path = AppDelegate.m; sourceTree = "<group>"; };
		821335F02401480500D85845 /* ViewController.h */ = {isa = PBXFileReference; lastKnownFileType = sourcecode.c.h; path = ViewController.h; sourceTree = "<group>"; };
		821335F12401480500D85845 /* ViewController.m */ = {isa = PBXFileReference; lastKnownFileType = sourcecode.c.objc; path = ViewController.m; sourceTree = "<group>"; };
		821335F42401480500D85845 /* Base */ = {isa = PBXFileReference; lastKnownFileType = file.storyboard; name = Base; path = Base.lproj/Main.storyboard; sourceTree = "<group>"; };
		821335F62401480600D85845 /* Assets.xcassets */ = {isa = PBXFileReference; lastKnownFileType = folder.assetcatalog; path = Assets.xcassets; sourceTree = "<group>"; };
		821335F92401480600D85845 /* Base */ = {isa = PBXFileReference; lastKnownFileType = file.storyboard; name = Base; path = Base.lproj/LaunchScreen.storyboard; sourceTree = "<group>"; };
		821335FB2401480600D85845 /* Info.plist */ = {isa = PBXFileReference; lastKnownFileType = text.plist.xml; path = Info.plist; sourceTree = "<group>"; };
		821335FC2401480600D85845 /* main.m */ = {isa = PBXFileReference; lastKnownFileType = sourcecode.c.objc; path = main.m; sourceTree = "<group>"; };
		821336022401480600D85845 /* w1th3rTests.xctest */ = {isa = PBXFileReference; explicitFileType = wrapper.cfbundle; includeInIndex = 0; path = w1th3rTests.xctest; sourceTree = BUILT_PRODUCTS_DIR; };
		821336062401480600D85845 /* time_wasteTests.m */ = {isa = PBXFileReference; lastKnownFileType = sourcecode.c.objc; path = time_wasteTests.m; sourceTree = "<group>"; };
		821336082401480600D85845 /* Info.plist */ = {isa = PBXFileReference; lastKnownFileType = text.plist.xml; path = Info.plist; sourceTree = "<group>"; };
		8213360D2401480600D85845 /* w1th3rUITests.xctest */ = {isa = PBXFileReference; explicitFileType = wrapper.cfbundle; includeInIndex = 0; path = w1th3rUITests.xctest; sourceTree = BUILT_PRODUCTS_DIR; };
		821336112401480600D85845 /* time_wasteUITests.m */ = {isa = PBXFileReference; lastKnownFileType = sourcecode.c.objc; path = time_wasteUITests.m; sourceTree = "<group>"; };
		821336132401480600D85845 /* Info.plist */ = {isa = PBXFileReference; lastKnownFileType = text.plist.xml; path = Info.plist; sourceTree = "<group>"; };
		8213361F2401487C00D85845 /* kernel_memory.c */ = {isa = PBXFileReference; fileEncoding = 4; lastKnownFileType = sourcecode.c.c; path = kernel_memory.c; sourceTree = "<group>"; };
		821336202401487C00D85845 /* exploit_utilities.c */ = {isa = PBXFileReference; fileEncoding = 4; lastKnownFileType = sourcecode.c.c; path = exploit_utilities.c; sourceTree = "<group>"; };
		821336212401487C00D85845 /* IOAccelerator_stuff.c */ = {isa = PBXFileReference; fileEncoding = 4; lastKnownFileType = sourcecode.c.c; path = IOAccelerator_stuff.c; sourceTree = "<group>"; };
		821336222401487C00D85845 /* kernel_memory.h */ = {isa = PBXFileReference; fileEncoding = 4; lastKnownFileType = sourcecode.c.h; path = kernel_memory.h; sourceTree = "<group>"; };
		821336232401487C00D85845 /* IOAccelerator_stuff.h */ = {isa = PBXFileReference; fileEncoding = 4; lastKnownFileType = sourcecode.c.h; path = IOAccelerator_stuff.h; sourceTree = "<group>"; };
		821336242401487C00D85845 /* offsets.h */ = {isa = PBXFileReference; fileEncoding = 4; lastKnownFileType = sourcecode.c.h; path = offsets.h; sourceTree = "<group>"; };
		821336252401487C00D85845 /* exploit.h */ = {isa = PBXFileReference; fileEncoding = 4; lastKnownFileType = sourcecode.c.h; path = exploit.h; sourceTree = "<group>"; };
		821336262401487C00D85845 /* exploit_utilities.h */ = {isa = PBXFileReference; fileEncoding = 4; lastKnownFileType = sourcecode.c.h; path = exploit_utilities.h; sourceTree = "<group>"; };
		821336272401487C00D85845 /* offsets.m */ = {isa = PBXFileReference; fileEncoding = 4; lastKnownFileType = sourcecode.c.objc; path = offsets.m; sourceTree = "<group>"; };
		8213362C2401488D00D85845 /* exploit.c */ = {isa = PBXFileReference; fileEncoding = 4; lastKnownFileType = sourcecode.c.c; path = exploit.c; sourceTree = "<group>"; };
		8213362F240148C700D85845 /* IOKit.tbd */ = {isa = PBXFileReference; lastKnownFileType = "sourcecode.text-based-dylib-definition"; name = IOKit.tbd; path = w1th3r/IOKit/IOKit.tbd; sourceTree = "<group>"; };
		82133631240149DD00D85845 /* IOSurface_stuff.h */ = {isa = PBXFileReference; lastKnownFileType = sourcecode.c.h; path = IOSurface_stuff.h; sourceTree = "<group>"; };
		82133632240149DD00D85845 /* IOSurface_stuff.c */ = {isa = PBXFileReference; lastKnownFileType = sourcecode.c.c; path = IOSurface_stuff.c; sourceTree = "<group>"; };
		C823F9CF245A1A81009D86B3 /* CoreGraphics.framework */ = {isa = PBXFileReference; lastKnownFileType = wrapper.framework; name = CoreGraphics.framework; path = System/Library/Frameworks/CoreGraphics.framework; sourceTree = SDKROOT; };
		C823F9D1245A1A8A009D86B3 /* Foundation.framework */ = {isa = PBXFileReference; lastKnownFileType = wrapper.framework; name = Foundation.framework; path = System/Library/Frameworks/Foundation.framework; sourceTree = SDKROOT; };
		C823F9D3245A1B16009D86B3 /* UIKit.framework */ = {isa = PBXFileReference; lastKnownFileType = wrapper.framework; name = UIKit.framework; path = System/Library/Frameworks/UIKit.framework; sourceTree = SDKROOT; };
		C8679CAF245B63F200215EFF /* UITextViewLogger.h */ = {isa = PBXFileReference; lastKnownFileType = sourcecode.c.h; path = UITextViewLogger.h; sourceTree = "<group>"; };
		C8679CB0245B645D00215EFF /* UITextViewLogger.m */ = {isa = PBXFileReference; lastKnownFileType = sourcecode.c.objc; path = UITextViewLogger.m; sourceTree = "<group>"; };
		DAAA1BB60BC5A9D4484B1D97 /* libPods-w1th3r.a */ = {isa = PBXFileReference; explicitFileType = archive.ar; includeInIndex = 0; path = "libPods-w1th3r.a"; sourceTree = BUILT_PRODUCTS_DIR; };
/* End PBXFileReference section */

/* Begin PBXFrameworksBuildPhase section */
		821335E42401480500D85845 /* Frameworks */ = {
			isa = PBXFrameworksBuildPhase;
			buildActionMask = 2147483647;
			files = (
				C823F9D0245A1A81009D86B3 /* CoreGraphics.framework in Frameworks */,
				C823F9D8245A1C97009D86B3 /* IOKit.tbd in Frameworks */,
				C823F9D4245A1B16009D86B3 /* UIKit.framework in Frameworks */,
				C823F9D2245A1A8A009D86B3 /* Foundation.framework in Frameworks */,
				3FE12AF31275DB89A1885F1F /* libPods-w1th3r.a in Frameworks */,
			);
			runOnlyForDeploymentPostprocessing = 0;
		};
		821335FF2401480600D85845 /* Frameworks */ = {
			isa = PBXFrameworksBuildPhase;
			buildActionMask = 2147483647;
			files = (
			);
			runOnlyForDeploymentPostprocessing = 0;
		};
		8213360A2401480600D85845 /* Frameworks */ = {
			isa = PBXFrameworksBuildPhase;
			buildActionMask = 2147483647;
			files = (
			);
			runOnlyForDeploymentPostprocessing = 0;
		};
/* End PBXFrameworksBuildPhase section */

/* Begin PBXGroup section */
		20739CE0AB5CE77AF566A011 /* Pods */ = {
			isa = PBXGroup;
			children = (
				7D61F779D1EB1EA88D9924BA /* Pods-w1th3r.debug.xcconfig */,
				34841FCCF59A8FFDA5B56D5B /* Pods-w1th3r.release.xcconfig */,
			);
			path = Pods;
			sourceTree = "<group>";
		};
		821335DE2401480400D85845 = {
			isa = PBXGroup;
			children = (
				821335E92401480500D85845 /* w1th3r */,
				821336052401480600D85845 /* w1th3rTests */,
				821336102401480600D85845 /* w1th3rUITests */,
				821335E82401480500D85845 /* Products */,
				8213362E240148C700D85845 /* Frameworks */,
				20739CE0AB5CE77AF566A011 /* Pods */,
			);
			sourceTree = "<group>";
		};
		821335E82401480500D85845 /* Products */ = {
			isa = PBXGroup;
			children = (
				821335E72401480500D85845 /* w1th3r.app */,
				821336022401480600D85845 /* w1th3rTests.xctest */,
				8213360D2401480600D85845 /* w1th3rUITests.xctest */,
			);
			name = Products;
			sourceTree = "<group>";
		};
		821335E92401480500D85845 /* w1th3r */ = {
			isa = PBXGroup;
			children = (
				821335EA2401480500D85845 /* AppDelegate.h */,
				821335EB2401480500D85845 /* AppDelegate.m */,
				821335F02401480500D85845 /* ViewController.h */,
				821335F12401480500D85845 /* ViewController.m */,
				821336202401487C00D85845 /* exploit_utilities.c */,
				821336262401487C00D85845 /* exploit_utilities.h */,
				8213362C2401488D00D85845 /* exploit.c */,
				821336252401487C00D85845 /* exploit.h */,
				82133631240149DD00D85845 /* IOSurface_stuff.h */,
				82133632240149DD00D85845 /* IOSurface_stuff.c */,
				821336212401487C00D85845 /* IOAccelerator_stuff.c */,
				821336232401487C00D85845 /* IOAccelerator_stuff.h */,
				8213361F2401487C00D85845 /* kernel_memory.c */,
				821336222401487C00D85845 /* kernel_memory.h */,
				821336242401487C00D85845 /* offsets.h */,
				821336272401487C00D85845 /* offsets.m */,
				821335F32401480500D85845 /* Main.storyboard */,
				821335F62401480600D85845 /* Assets.xcassets */,
				821335F82401480600D85845 /* LaunchScreen.storyboard */,
				821335FB2401480600D85845 /* Info.plist */,
				821335FC2401480600D85845 /* main.m */,
				C8679CAF245B63F200215EFF /* UITextViewLogger.h */,
				C8679CB0245B645D00215EFF /* UITextViewLogger.m */,
			);
			path = w1th3r;
			sourceTree = "<group>";
		};
		821336052401480600D85845 /* w1th3rTests */ = {
			isa = PBXGroup;
			children = (
				821336062401480600D85845 /* time_wasteTests.m */,
				821336082401480600D85845 /* Info.plist */,
			);
			path = w1th3rTests;
			sourceTree = "<group>";
		};
		821336102401480600D85845 /* w1th3rUITests */ = {
			isa = PBXGroup;
			children = (
				821336112401480600D85845 /* time_wasteUITests.m */,
				821336132401480600D85845 /* Info.plist */,
			);
			path = w1th3rUITests;
			sourceTree = "<group>";
		};
		8213362E240148C700D85845 /* Frameworks */ = {
			isa = PBXGroup;
			children = (
				C823F9D3245A1B16009D86B3 /* UIKit.framework */,
				C823F9D1245A1A8A009D86B3 /* Foundation.framework */,
				C823F9CF245A1A81009D86B3 /* CoreGraphics.framework */,
				8213362F240148C700D85845 /* IOKit.tbd */,
				DAAA1BB60BC5A9D4484B1D97 /* libPods-w1th3r.a */,
			);
			name = Frameworks;
			sourceTree = "<group>";
		};
/* End PBXGroup section */

/* Begin PBXNativeTarget section */
		821335E62401480500D85845 /* w1th3r */ = {
			isa = PBXNativeTarget;
			buildConfigurationList = 821336162401480600D85845 /* Build configuration list for PBXNativeTarget "w1th3r" */;
			buildPhases = (
				5CC567D18F8B92D3CFA61543 /* [CP] Check Pods Manifest.lock */,
				821335E32401480500D85845 /* Sources */,
				821335E42401480500D85845 /* Frameworks */,
				821335E52401480500D85845 /* Resources */,
			);
			buildRules = (
			);
			dependencies = (
			);
			name = w1th3r;
			productName = time_waste;
			productReference = 821335E72401480500D85845 /* w1th3r.app */;
			productType = "com.apple.product-type.application";
		};
		821336012401480600D85845 /* w1th3rTests */ = {
			isa = PBXNativeTarget;
			buildConfigurationList = 821336192401480600D85845 /* Build configuration list for PBXNativeTarget "w1th3rTests" */;
			buildPhases = (
				821335FE2401480600D85845 /* Sources */,
				821335FF2401480600D85845 /* Frameworks */,
				821336002401480600D85845 /* Resources */,
			);
			buildRules = (
			);
			dependencies = (
				821336042401480600D85845 /* PBXTargetDependency */,
			);
			name = w1th3rTests;
			productName = time_wasteTests;
			productReference = 821336022401480600D85845 /* w1th3rTests.xctest */;
			productType = "com.apple.product-type.bundle.unit-test";
		};
		8213360C2401480600D85845 /* w1th3rUITests */ = {
			isa = PBXNativeTarget;
			buildConfigurationList = 8213361C2401480600D85845 /* Build configuration list for PBXNativeTarget "w1th3rUITests" */;
			buildPhases = (
				821336092401480600D85845 /* Sources */,
				8213360A2401480600D85845 /* Frameworks */,
				8213360B2401480600D85845 /* Resources */,
			);
			buildRules = (
			);
			dependencies = (
				8213360F2401480600D85845 /* PBXTargetDependency */,
			);
			name = w1th3rUITests;
			productName = time_wasteUITests;
			productReference = 8213360D2401480600D85845 /* w1th3rUITests.xctest */;
			productType = "com.apple.product-type.bundle.ui-testing";
		};
/* End PBXNativeTarget section */

/* Begin PBXProject section */
		821335DF2401480400D85845 /* Project object */ = {
			isa = PBXProject;
			attributes = {
				LastUpgradeCheck = 1120;
				ORGANIZATIONNAME = "Jake James";
				TargetAttributes = {
					821335E62401480500D85845 = {
						CreatedOnToolsVersion = 11.2.1;
					};
					821336012401480600D85845 = {
						CreatedOnToolsVersion = 11.2.1;
						TestTargetID = 821335E62401480500D85845;
					};
					8213360C2401480600D85845 = {
						CreatedOnToolsVersion = 11.2.1;
						TestTargetID = 821335E62401480500D85845;
					};
				};
			};
			buildConfigurationList = 821335E22401480400D85845 /* Build configuration list for PBXProject "w1th3r" */;
			compatibilityVersion = "Xcode 9.3";
			developmentRegion = en;
			hasScannedForEncodings = 0;
			knownRegions = (
				en,
				Base,
			);
			mainGroup = 821335DE2401480400D85845;
			productRefGroup = 821335E82401480500D85845 /* Products */;
			projectDirPath = "";
			projectRoot = "";
			targets = (
				821335E62401480500D85845 /* w1th3r */,
				821336012401480600D85845 /* w1th3rTests */,
				8213360C2401480600D85845 /* w1th3rUITests */,
			);
		};
/* End PBXProject section */

/* Begin PBXResourcesBuildPhase section */
		821335E52401480500D85845 /* Resources */ = {
			isa = PBXResourcesBuildPhase;
			buildActionMask = 2147483647;
			files = (
				821335FA2401480600D85845 /* LaunchScreen.storyboard in Resources */,
				821335F72401480600D85845 /* Assets.xcassets in Resources */,
				821335F52401480500D85845 /* Main.storyboard in Resources */,
			);
			runOnlyForDeploymentPostprocessing = 0;
		};
		821336002401480600D85845 /* Resources */ = {
			isa = PBXResourcesBuildPhase;
			buildActionMask = 2147483647;
			files = (
			);
			runOnlyForDeploymentPostprocessing = 0;
		};
		8213360B2401480600D85845 /* Resources */ = {
			isa = PBXResourcesBuildPhase;
			buildActionMask = 2147483647;
			files = (
			);
			runOnlyForDeploymentPostprocessing = 0;
		};
/* End PBXResourcesBuildPhase section */

/* Begin PBXShellScriptBuildPhase section */
		5CC567D18F8B92D3CFA61543 /* [CP] Check Pods Manifest.lock */ = {
			isa = PBXShellScriptBuildPhase;
			buildActionMask = 2147483647;
			files = (
			);
			inputFileListPaths = (
			);
			inputPaths = (
				"${PODS_PODFILE_DIR_PATH}/Podfile.lock",
				"${PODS_ROOT}/Manifest.lock",
			);
			name = "[CP] Check Pods Manifest.lock";
			outputFileListPaths = (
			);
			outputPaths = (
				"$(DERIVED_FILE_DIR)/Pods-w1th3r-checkManifestLockResult.txt",
			);
			runOnlyForDeploymentPostprocessing = 0;
			shellPath = /bin/sh;
			shellScript = "diff \"${PODS_PODFILE_DIR_PATH}/Podfile.lock\" \"${PODS_ROOT}/Manifest.lock\" > /dev/null\nif [ $? != 0 ] ; then\n    # print error to STDERR\n    echo \"error: The sandbox is not in sync with the Podfile.lock. Run 'pod install' or update your CocoaPods installation.\" >&2\n    exit 1\nfi\n# This output is used by Xcode 'outputs' to avoid re-running this script phase.\necho \"SUCCESS\" > \"${SCRIPT_OUTPUT_FILE_0}\"\n";
			showEnvVarsInLog = 0;
		};
/* End PBXShellScriptBuildPhase section */

/* Begin PBXSourcesBuildPhase section */
		821335E32401480500D85845 /* Sources */ = {
			isa = PBXSourcesBuildPhase;
			buildActionMask = 2147483647;
			files = (
				821336292401487D00D85845 /* exploit_utilities.c in Sources */,
				821335F22401480500D85845 /* ViewController.m in Sources */,
				82133633240149DD00D85845 /* IOSurface_stuff.c in Sources */,
				821336282401487D00D85845 /* kernel_memory.c in Sources */,
				821335EC2401480500D85845 /* AppDelegate.m in Sources */,
				8213362A2401487D00D85845 /* IOAccelerator_stuff.c in Sources */,
				8213362B2401487D00D85845 /* offsets.m in Sources */,
				821335FD2401480600D85845 /* main.m in Sources */,
				8213362D2401488D00D85845 /* exploit.c in Sources */,
				C8679CB1245B645D00215EFF /* UITextViewLogger.m in Sources */,
			);
			runOnlyForDeploymentPostprocessing = 0;
		};
		821335FE2401480600D85845 /* Sources */ = {
			isa = PBXSourcesBuildPhase;
			buildActionMask = 2147483647;
			files = (
				821336072401480600D85845 /* time_wasteTests.m in Sources */,
			);
			runOnlyForDeploymentPostprocessing = 0;
		};
		821336092401480600D85845 /* Sources */ = {
			isa = PBXSourcesBuildPhase;
			buildActionMask = 2147483647;
			files = (
				821336122401480600D85845 /* time_wasteUITests.m in Sources */,
			);
			runOnlyForDeploymentPostprocessing = 0;
		};
/* End PBXSourcesBuildPhase section */

/* Begin PBXTargetDependency section */
		821336042401480600D85845 /* PBXTargetDependency */ = {
			isa = PBXTargetDependency;
			target = 821335E62401480500D85845 /* w1th3r */;
			targetProxy = 821336032401480600D85845 /* PBXContainerItemProxy */;
		};
		8213360F2401480600D85845 /* PBXTargetDependency */ = {
			isa = PBXTargetDependency;
			target = 821335E62401480500D85845 /* w1th3r */;
			targetProxy = 8213360E2401480600D85845 /* PBXContainerItemProxy */;
		};
/* End PBXTargetDependency section */

/* Begin PBXVariantGroup section */
		821335F32401480500D85845 /* Main.storyboard */ = {
			isa = PBXVariantGroup;
			children = (
				821335F42401480500D85845 /* Base */,
			);
			name = Main.storyboard;
			sourceTree = "<group>";
		};
		821335F82401480600D85845 /* LaunchScreen.storyboard */ = {
			isa = PBXVariantGroup;
			children = (
				821335F92401480600D85845 /* Base */,
			);
			name = LaunchScreen.storyboard;
			sourceTree = "<group>";
		};
/* End PBXVariantGroup section */

/* Begin XCBuildConfiguration section */
		821336142401480600D85845 /* Debug */ = {
			isa = XCBuildConfiguration;
			buildSettings = {
				ALWAYS_SEARCH_USER_PATHS = NO;
				CLANG_ANALYZER_NONNULL = YES;
				CLANG_ANALYZER_NUMBER_OBJECT_CONVERSION = YES_AGGRESSIVE;
				CLANG_CXX_LANGUAGE_STANDARD = "gnu++14";
				CLANG_CXX_LIBRARY = "libc++";
				CLANG_ENABLE_MODULES = YES;
				CLANG_ENABLE_OBJC_ARC = YES;
				CLANG_ENABLE_OBJC_WEAK = YES;
				CLANG_WARN_BLOCK_CAPTURE_AUTORELEASING = YES;
				CLANG_WARN_BOOL_CONVERSION = YES;
				CLANG_WARN_COMMA = YES;
				CLANG_WARN_CONSTANT_CONVERSION = YES;
				CLANG_WARN_DEPRECATED_OBJC_IMPLEMENTATIONS = YES;
				CLANG_WARN_DIRECT_OBJC_ISA_USAGE = YES_ERROR;
				CLANG_WARN_DOCUMENTATION_COMMENTS = YES;
				CLANG_WARN_EMPTY_BODY = YES;
				CLANG_WARN_ENUM_CONVERSION = YES;
				CLANG_WARN_INFINITE_RECURSION = YES;
				CLANG_WARN_INT_CONVERSION = YES;
				CLANG_WARN_NON_LITERAL_NULL_CONVERSION = YES;
				CLANG_WARN_OBJC_IMPLICIT_RETAIN_SELF = YES;
				CLANG_WARN_OBJC_LITERAL_CONVERSION = YES;
				CLANG_WARN_OBJC_ROOT_CLASS = YES_ERROR;
				CLANG_WARN_RANGE_LOOP_ANALYSIS = YES;
				CLANG_WARN_STRICT_PROTOTYPES = YES;
				CLANG_WARN_SUSPICIOUS_MOVE = YES;
				CLANG_WARN_UNGUARDED_AVAILABILITY = YES_AGGRESSIVE;
				CLANG_WARN_UNREACHABLE_CODE = YES;
				CLANG_WARN__DUPLICATE_METHOD_MATCH = YES;
				COPY_PHASE_STRIP = NO;
				DEBUG_INFORMATION_FORMAT = dwarf;
				ENABLE_STRICT_OBJC_MSGSEND = YES;
				ENABLE_TESTABILITY = YES;
				GCC_C_LANGUAGE_STANDARD = gnu11;
				GCC_DYNAMIC_NO_PIC = NO;
				GCC_NO_COMMON_BLOCKS = YES;
				GCC_OPTIMIZATION_LEVEL = 0;
				GCC_PREPROCESSOR_DEFINITIONS = (
					"DEBUG=1",
					"$(inherited)",
				);
				GCC_WARN_64_TO_32_BIT_CONVERSION = YES;
				GCC_WARN_ABOUT_RETURN_TYPE = YES_ERROR;
				GCC_WARN_UNDECLARED_SELECTOR = YES;
				GCC_WARN_UNINITIALIZED_AUTOS = YES_AGGRESSIVE;
				GCC_WARN_UNUSED_FUNCTION = YES;
				GCC_WARN_UNUSED_VARIABLE = YES;
				IPHONEOS_DEPLOYMENT_TARGET = 13.2;
				MTL_ENABLE_DEBUG_INFO = INCLUDE_SOURCE;
				MTL_FAST_MATH = YES;
				ONLY_ACTIVE_ARCH = YES;
				SDKROOT = iphoneos;
			};
			name = Debug;
		};
		821336152401480600D85845 /* Release */ = {
			isa = XCBuildConfiguration;
			buildSettings = {
				ALWAYS_SEARCH_USER_PATHS = NO;
				CLANG_ANALYZER_NONNULL = YES;
				CLANG_ANALYZER_NUMBER_OBJECT_CONVERSION = YES_AGGRESSIVE;
				CLANG_CXX_LANGUAGE_STANDARD = "gnu++14";
				CLANG_CXX_LIBRARY = "libc++";
				CLANG_ENABLE_MODULES = YES;
				CLANG_ENABLE_OBJC_ARC = YES;
				CLANG_ENABLE_OBJC_WEAK = YES;
				CLANG_WARN_BLOCK_CAPTURE_AUTORELEASING = YES;
				CLANG_WARN_BOOL_CONVERSION = YES;
				CLANG_WARN_COMMA = YES;
				CLANG_WARN_CONSTANT_CONVERSION = YES;
				CLANG_WARN_DEPRECATED_OBJC_IMPLEMENTATIONS = YES;
				CLANG_WARN_DIRECT_OBJC_ISA_USAGE = YES_ERROR;
				CLANG_WARN_DOCUMENTATION_COMMENTS = YES;
				CLANG_WARN_EMPTY_BODY = YES;
				CLANG_WARN_ENUM_CONVERSION = YES;
				CLANG_WARN_INFINITE_RECURSION = YES;
				CLANG_WARN_INT_CONVERSION = YES;
				CLANG_WARN_NON_LITERAL_NULL_CONVERSION = YES;
				CLANG_WARN_OBJC_IMPLICIT_RETAIN_SELF = YES;
				CLANG_WARN_OBJC_LITERAL_CONVERSION = YES;
				CLANG_WARN_OBJC_ROOT_CLASS = YES_ERROR;
				CLANG_WARN_RANGE_LOOP_ANALYSIS = YES;
				CLANG_WARN_STRICT_PROTOTYPES = YES;
				CLANG_WARN_SUSPICIOUS_MOVE = YES;
				CLANG_WARN_UNGUARDED_AVAILABILITY = YES_AGGRESSIVE;
				CLANG_WARN_UNREACHABLE_CODE = YES;
				CLANG_WARN__DUPLICATE_METHOD_MATCH = YES;
				COPY_PHASE_STRIP = NO;
				DEBUG_INFORMATION_FORMAT = "dwarf-with-dsym";
				ENABLE_NS_ASSERTIONS = NO;
				ENABLE_STRICT_OBJC_MSGSEND = YES;
				GCC_C_LANGUAGE_STANDARD = gnu11;
				GCC_NO_COMMON_BLOCKS = YES;
				GCC_WARN_64_TO_32_BIT_CONVERSION = YES;
				GCC_WARN_ABOUT_RETURN_TYPE = YES_ERROR;
				GCC_WARN_UNDECLARED_SELECTOR = YES;
				GCC_WARN_UNINITIALIZED_AUTOS = YES_AGGRESSIVE;
				GCC_WARN_UNUSED_FUNCTION = YES;
				GCC_WARN_UNUSED_VARIABLE = YES;
				IPHONEOS_DEPLOYMENT_TARGET = 13.2;
				MTL_ENABLE_DEBUG_INFO = NO;
				MTL_FAST_MATH = YES;
				SDKROOT = iphoneos;
				VALIDATE_PRODUCT = YES;
			};
			name = Release;
		};
		821336172401480600D85845 /* Debug */ = {
			isa = XCBuildConfiguration;
			baseConfigurationReference = 7D61F779D1EB1EA88D9924BA /* Pods-w1th3r.debug.xcconfig */;
			buildSettings = {
				ALWAYS_SEARCH_USER_PATHS = YES;
				ASSETCATALOG_COMPILER_APPICON_NAME = AppIcon;
				CODE_SIGN_STYLE = Automatic;
				DEVELOPMENT_TEAM = K958TSC88P;
				INFOPLIST_FILE = w1th3r/Info.plist;
				IPHONEOS_DEPLOYMENT_TARGET = 12.0;
				LD_RUNPATH_SEARCH_PATHS = (
					"$(inherited)",
					"@executable_path/Frameworks",
				);
				LIBRARY_SEARCH_PATHS = (
					"$(inherited)",
					"$(PROJECT_DIR)/w1th3r/IOKit",
				);
				PRODUCT_BUNDLE_IDENTIFIER = com.withertech.w1th3r;
				PRODUCT_NAME = w1th3r;
				TARGETED_DEVICE_FAMILY = "1,2";
				USER_HEADER_SEARCH_PATHS = "\"$(SRCROOT)/w1th3r\"";
			};
			name = Debug;
		};
		821336182401480600D85845 /* Release */ = {
			isa = XCBuildConfiguration;
			baseConfigurationReference = 34841FCCF59A8FFDA5B56D5B /* Pods-w1th3r.release.xcconfig */;
			buildSettings = {
				ALWAYS_SEARCH_USER_PATHS = YES;
				ASSETCATALOG_COMPILER_APPICON_NAME = AppIcon;
				CODE_SIGN_STYLE = Automatic;
				DEVELOPMENT_TEAM = K958TSC88P;
				INFOPLIST_FILE = w1th3r/Info.plist;
				IPHONEOS_DEPLOYMENT_TARGET = 12.0;
				LD_RUNPATH_SEARCH_PATHS = (
					"$(inherited)",
					"@executable_path/Frameworks",
				);
				LIBRARY_SEARCH_PATHS = (
					"$(inherited)",
					"$(PROJECT_DIR)/w1th3r/IOKit",
				);
				PRODUCT_BUNDLE_IDENTIFIER = com.withertech.w1th3r;
				PRODUCT_NAME = w1th3r;
				TARGETED_DEVICE_FAMILY = "1,2";
				USER_HEADER_SEARCH_PATHS = "\"$(SRCROOT)/w1th3r\"";
			};
			name = Release;
		};
		8213361A2401480600D85845 /* Debug */ = {
			isa = XCBuildConfiguration;
			buildSettings = {
				BUNDLE_LOADER = "$(TEST_HOST)";
				CODE_SIGN_STYLE = Automatic;
				DEVELOPMENT_TEAM = 22G2QV87A2;
				INFOPLIST_FILE = time_wasteTests/Info.plist;
				IPHONEOS_DEPLOYMENT_TARGET = 13.2;
				LD_RUNPATH_SEARCH_PATHS = (
					"$(inherited)",
					"@executable_path/Frameworks",
					"@loader_path/Frameworks",
				);
				PRODUCT_BUNDLE_IDENTIFIER = "com.jakeashacks.time-wasteTests";
				PRODUCT_NAME = "$(TARGET_NAME)";
				TARGETED_DEVICE_FAMILY = "1,2";
				TEST_HOST = "$(BUILT_PRODUCTS_DIR)/w1th3r.app/w1th3r";
			};
			name = Debug;
		};
		8213361B2401480600D85845 /* Release */ = {
			isa = XCBuildConfiguration;
			buildSettings = {
				BUNDLE_LOADER = "$(TEST_HOST)";
				CODE_SIGN_STYLE = Automatic;
				DEVELOPMENT_TEAM = 22G2QV87A2;
				INFOPLIST_FILE = time_wasteTests/Info.plist;
				IPHONEOS_DEPLOYMENT_TARGET = 13.2;
				LD_RUNPATH_SEARCH_PATHS = (
					"$(inherited)",
					"@executable_path/Frameworks",
					"@loader_path/Frameworks",
				);
				PRODUCT_BUNDLE_IDENTIFIER = "com.jakeashacks.time-wasteTests";
				PRODUCT_NAME = "$(TARGET_NAME)";
				TARGETED_DEVICE_FAMILY = "1,2";
				TEST_HOST = "$(BUILT_PRODUCTS_DIR)/w1th3r.app/w1th3r";
			};
			name = Release;
		};
		8213361D2401480600D85845 /* Debug */ = {
			isa = XCBuildConfiguration;
			buildSettings = {
				CODE_SIGN_STYLE = Automatic;
				DEVELOPMENT_TEAM = 22G2QV87A2;
				INFOPLIST_FILE = time_wasteUITests/Info.plist;
				LD_RUNPATH_SEARCH_PATHS = (
					"$(inherited)",
					"@executable_path/Frameworks",
					"@loader_path/Frameworks",
				);
				PRODUCT_BUNDLE_IDENTIFIER = "com.jakeashacks.time-wasteUITests";
				PRODUCT_NAME = "$(TARGET_NAME)";
				TARGETED_DEVICE_FAMILY = "1,2";
				TEST_TARGET_NAME = time_waste;
			};
			name = Debug;
		};
		8213361E2401480600D85845 /* Release */ = {
			isa = XCBuildConfiguration;
			buildSettings = {
				CODE_SIGN_STYLE = Automatic;
				DEVELOPMENT_TEAM = 22G2QV87A2;
				INFOPLIST_FILE = time_wasteUITests/Info.plist;
				LD_RUNPATH_SEARCH_PATHS = (
					"$(inherited)",
					"@executable_path/Frameworks",
					"@loader_path/Frameworks",
				);
				PRODUCT_BUNDLE_IDENTIFIER = "com.jakeashacks.time-wasteUITests";
				PRODUCT_NAME = "$(TARGET_NAME)";
				TARGETED_DEVICE_FAMILY = "1,2";
				TEST_TARGET_NAME = time_waste;
			};
			name = Release;
		};
/* End XCBuildConfiguration section */

/* Begin XCConfigurationList section */
		821335E22401480400D85845 /* Build configuration list for PBXProject "w1th3r" */ = {
			isa = XCConfigurationList;
			buildConfigurations = (
				821336142401480600D85845 /* Debug */,
				821336152401480600D85845 /* Release */,
			);
			defaultConfigurationIsVisible = 0;
			defaultConfigurationName = Release;
		};
		821336162401480600D85845 /* Build configuration list for PBXNativeTarget "w1th3r" */ = {
			isa = XCConfigurationList;
			buildConfigurations = (
				821336172401480600D85845 /* Debug */,
				821336182401480600D85845 /* Release */,
			);
			defaultConfigurationIsVisible = 0;
			defaultConfigurationName = Release;
		};
		821336192401480600D85845 /* Build configuration list for PBXNativeTarget "w1th3rTests" */ = {
			isa = XCConfigurationList;
			buildConfigurations = (
				8213361A2401480600D85845 /* Debug */,
				8213361B2401480600D85845 /* Release */,
			);
			defaultConfigurationIsVisible = 0;
			defaultConfigurationName = Release;
		};
		8213361C2401480600D85845 /* Build configuration list for PBXNativeTarget "w1th3rUITests" */ = {
			isa = XCConfigurationList;
			buildConfigurations = (
				8213361D2401480600D85845 /* Debug */,
				8213361E2401480600D85845 /* Release */,
			);
			defaultConfigurationIsVisible = 0;
			defaultConfigurationName = Release;
		};
/* End XCConfigurationList section */
	};
	rootObject = 821335DF2401480400D85845 /* Project object */;
}
